github.com/cpuguy83/go-md2man/v2 v2.0.3 h1:qMCsGGgs+MAzDFyp9LpAe1Lqy/fY/qCovCm0qnXZOBM=
github.com/cpuguy83/go-md2man/v2 v2.0.3/go.mod h1:tgQtvFlXSQOSOSIRvRPT7W67SCa46tRHOmNcaadrF8o=
github.com/gek64/gek v1.1.2-0.20231222091541-e37b3f00c2a9 h1:3+foBBZXBQm3ZugExmeO9EdQkn27GyP+f0Er61WxhqU=
github.com/gek64/gek v1.1.2-0.20231222091541-e37b3f00c2a9/go.mod h1:oalulJSH0OM6LRbjGwpw305/d7h9VE5P1wDbDR0KUyQ=
github.com/gek64/gek v1.1.2-0.20240122081904-9f44691c0810 h1:7NmGfZLYP3no24WA7xookJK5BEA6IgoqJEOC48Kt4rY=
github.com/gek64/gek v1.1.2-0.20240122081904-9f44691c0810/go.mod h1:35dDRHKelCrseBkA6Gjfg9FPOQhAVD/JluMzGqeQ5z8=
github.com/gek64/gek v1.1.2-0.20240228144109-85f34dd7a0cb h1:5hymcCyszZCfbnS7NYh00VZhOWU13oQzAv06gnSUq+E=
github.com/gek64/gek v1.1.2-0.20240228144109-85f34dd7a0cb/go.mod h1:vJg9DzCTNq0vIRECGC8K1zOnzhK1HYsCTx3r7n8dars=
github.com/russross/blackfriday/v2 v2.1.0 h1:JIOH55/0cWyOuilr9/qlrm0BSXldqnqwMsf35Ld67mk=
github.com/russross/blackfriday/v2 v2.1.0/go.mod h1:+Rmxgy9KzJVeS9/2gXHxylqXiyQDYRxCVz55jmeOWTM=
github.com/urfave/cli/v2 v2.26.0 h1:3f3AMg3HpThFNT4I++TKOejZO8yU55t3JnnSr4S4QEI=
github.com/urfave/cli/v2 v2.26.0/go.mod h1:8qnjx1vcq5s2/wpsqoZFndg2CE5tNFyrTvS6SinrnYQ=
github.com/urfave/cli/v2 v2.27.1 h1:8xSQ6szndafKVRmfyeUMxkNUJQMjL1F2zmsZ+qHpfho=
github.com/urfave/cli/v2 v2.27.1/go.mod h1:8qnjx1vcq5s2/wpsqoZFndg2CE5tNFyrTvS6SinrnYQ=
github.com/xrash/smetrics v0.0.0-20231213231151-1d8dd44e695e h1:+SOyEddqYF09QP7vr7CgJ1eti3pY9Fn3LHO1M1r/0sI=
github.com/xrash/smetrics v0.0.0-20231213231151-1d8dd44e695e/go.mod h1:N3UwUGtsrSj3ccvlPHLoLsHnpR27oXr4ZE984MbSER8=
